
Microsoft Visual Studio Solution File, Format Version 12.00
# Visual Studio Version 17
VisualStudioVersion = 17.11.35222.181
MinimumVisualStudioVersion = 10.0.40219.1
Project("{FAE04EC0-301F-11D3-BF4B-00C04F79EFBC}") = "cSharpIccDataStructuresAndAlgorithms", "cSharpIccDataStructuresAndAlgorithms\cSharpIccDataStructuresAndAlgorithms.csproj", "{035B049A-FD0D-465A-ADC3-BF8EAE614C7D}"
EndProject
Global
	GlobalSection(SolutionConfigurationPlatforms) = preSolution
		Debug|Any CPU = Debug|Any CPU
		Release|Any CPU = Release|Any CPU
	EndGlobalSection
	GlobalSection(ProjectConfigurationPlatforms) = postSolution
		{035B049A-FD0D-465A-ADC3-BF8EAE614C7D}.Debug|Any CPU.ActiveCfg = Debug|Any CPU
		{035B049A-FD0D-465A-ADC3-BF8EAE614C7D}.Debug|Any CPU.Build.0 = Debug|Any CPU
		{035B049A-FD0D-465A-ADC3-BF8EAE614C7D}.Release|Any CPU.ActiveCfg = Release|Any CPU
		{035B049A-FD0D-465A-ADC3-BF8EAE614C7D}.Release|Any CPU.Build.0 = Release|Any CPU
	EndGlobalSection
	GlobalSection(SolutionProperties) = preSolution
		HideSolutionNode = FALSE
	EndGlobalSection
	GlobalSection(ExtensibilityGlobals) = postSolution
		SolutionGuid = {A8583A0E-7031-4029-AC97-C97879889FC9}
	EndGlobalSection
EndGlobal
